
Microsoft Visual Studio Solution File, Format Version 12.00
# Visual Studio Version 17
VisualStudioVersion = 17.0.32126.317
MinimumVisualStudioVersion = 10.0.40219.1
Project("{2150E333-8FDC-42A3-9474-1A3956D46DE8}") = "WebApiFundamentals", "WebApiFundamentals", "{EA6EEA6E-2E69-48A2-A0E5-C98A0D8C04F3}"
EndProject
Project("{9A19103F-16F7-4668-BE54-9A1E7A4F7556}") = "CityInfo.Api", "WebApiFundamentals\CityInfo.Api\CityInfo.Api.csproj", "{E42F7DC4-BFFA-4923-BA13-54CBB6ED2976}"
EndProject
Project("{2150E333-8FDC-42A3-9474-1A3956D46DE8}") = "Blazoring", "Blazoring", "{0790B19B-D172-44E0-9974-414D5C87A641}"
EndProject
Project("{2150E333-8FDC-42A3-9474-1A3956D46DE8}") = "ECommerce", "ECommerce", "{CA8A4387-B47E-4133-870E-484291E08856}"
EndProject
Project("{9A19103F-16F7-4668-BE54-9A1E7A4F7556}") = "ECommerce.Server", "Blazoring\ECommerce\Server\ECommerce.Server.csproj", "{1B52B252-8486-4264-A212-F1F3CD9B5859}"
EndProject
Project("{9A19103F-16F7-4668-BE54-9A1E7A4F7556}") = "ECommerce.Client", "Blazoring\ECommerce\Client\ECommerce.Client.csproj", "{BFBCCC79-13AE-4693-A1F7-EE3EEFC58556}"
EndProject
Project("{9A19103F-16F7-4668-BE54-9A1E7A4F7556}") = "ECommerce.Shared", "Blazoring\ECommerce\Shared\ECommerce.Shared.csproj", "{BB70984C-256E-464B-A61E-CFAB1359A647}"
EndProject
Project("{2150E333-8FDC-42A3-9474-1A3956D46DE8}") = "ApressProAspnetCoreSix", "ApressProAspnetCoreSix", "{35A12F93-608A-4EF0-867C-9C2B99B95036}"
EndProject
Project("{9A19103F-16F7-4668-BE54-9A1E7A4F7556}") = "Advanced", "ApressProAspnetCoreSix\Advanced\Advanced.csproj", "{553B34FF-D91F-4C20-85F1-B89FFBA473D6}"
EndProject
Project("{2150E333-8FDC-42A3-9474-1A3956D46DE8}") = "Misc", "Misc", "{EFD187F1-DC01-4C9A-AE82-4FF52F5EB1F0}"
EndProject
Project("{2150E333-8FDC-42A3-9474-1A3956D46DE8}") = "Rx", "Rx", "{B9E8EF3B-605A-46F8-BE47-C34ADEF38642}"
EndProject
Project("{9A19103F-16F7-4668-BE54-9A1E7A4F7556}") = "Rx101", "Misc\Rx\Rx101\Rx101.csproj", "{75A29D03-D0E0-452B-BD2C-41AC2D122159}"
EndProject
Project("{2150E333-8FDC-42A3-9474-1A3956D46DE8}") = "LanguageFeatures", "LanguageFeatures", "{1BC45F22-24F5-43BD-8A3E-89D3343663E5}"
EndProject
Project("{9A19103F-16F7-4668-BE54-9A1E7A4F7556}") = "WarehouseManagement", "LanguageFeatures\WarehouseManagement\WarehouseManagement.csproj", "{3DB19816-3AB3-4AB7-88E4-DBFADD0D4083}"
EndProject
Project("{2150E333-8FDC-42A3-9474-1A3956D46DE8}") = "MT", "MT", "{D3AFC2F0-3970-4373-BC05-0223BD92DA07}"
EndProject
Project("{2150E333-8FDC-42A3-9474-1A3956D46DE8}") = "Library", "Library", "{86981B7E-E5B5-4B50-BA8D-AF30F4A027CA}"
EndProject
Project("{9A19103F-16F7-4668-BE54-9A1E7A4F7556}") = "Library.Components", "MT\Library\Library.Components\Library.Components.csproj", "{E4D878BE-3FB0-4B81-AAF0-F721EEB4EF29}"
EndProject
Project("{2150E333-8FDC-42A3-9474-1A3956D46DE8}") = "Microservices", "Microservices", "{43EA636E-709B-47CD-B08A-3D2DD54C03CF}"
EndProject
Project("{2150E333-8FDC-42A3-9474-1A3956D46DE8}") = "DistributedTracing", "DistributedTracing", "{BCBB8F68-3889-4CA4-A0C2-E0AEAE7FCC7C}"
EndProject
Project("{9A19103F-16F7-4668-BE54-9A1E7A4F7556}") = "OrderAPI", "Microservices\DistributedTracing\OrderAPI\OrderAPI.csproj", "{3F35DEFB-8C5B-4157-87FB-F00B56A8E6E2}"
EndProject
Project("{9A19103F-16F7-4668-BE54-9A1E7A4F7556}") = "BabySteps", "Microservices\DistributedTracing\BabySteps\BabySteps.csproj", "{F69EF3D2-EF46-4E22-AD19-1D3A2E15EDB6}"
EndProject
Project("{2150E333-8FDC-42A3-9474-1A3956D46DE8}") = "Poland", "Poland", "{A7D372A7-70E9-43EB-971B-39170847B55A}"
EndProject
Project("{2150E333-8FDC-42A3-9474-1A3956D46DE8}") = "EventSourcing", "EventSourcing", "{BA2E6CEA-EC78-4B00-BB64-917ED85B6799}"
EndProject
Project("{9A19103F-16F7-4668-BE54-9A1E7A4F7556}") = "SelfPacedEventSourcing", "Poland\EventSourcing\SelfPacedEventSourcing\SelfPacedEventSourcing.csproj", "{DD53FB6D-4E85-4DCB-B335-0090405C60D1}"
EndProject
Project("{9A19103F-16F7-4668-BE54-9A1E7A4F7556}") = "SelfPacedEventSourcingTests", "Poland\EventSroucing\SelfPacedEventSourcingTests\SelfPacedEventSourcingTests.csproj", "{8DD80261-94C1-4C07-B1DC-0B955E88FD99}"
EndProject
Project("{2150E333-8FDC-42A3-9474-1A3956D46DE8}") = "Docking", "Docking", "{CD846DC1-93ED-42E4-A684-BE81AC395B6F}"
EndProject
Project("{9A19103F-16F7-4668-BE54-9A1E7A4F7556}") = "WeatherApi", "Docking\WeatherApi\WeatherApi.csproj", "{38178A32-AFBA-43B6-A4DB-9ACE68D6BE5C}"
EndProject
Project("{9A19103F-16F7-4668-BE54-9A1E7A4F7556}") = "WeatherApiNos", "Docking\WeatherApiNos\WeatherApiNos.csproj", "{90920B73-3C70-47A0-A392-DFDBBD37102E}"
EndProject
Project("{9A19103F-16F7-4668-BE54-9A1E7A4F7556}") = "DatabaseTracing", "Microservices\DistributedTracing\DatabaseTracing\DatabaseTracing.csproj", "{234B4278-E9FC-48EF-9F3C-AEE64A54FBD7}"
EndProject
Project("{9A19103F-16F7-4668-BE54-9A1E7A4F7556}") = "BlazingTrails.Client", "Blazoring\BlazorInAction\BlazingTrails\BlazingTrails.Client\BlazingTrails.Client.csproj", "{C3589705-37C2-48AA-B904-82294BD3665E}"
EndProject
Project("{9A19103F-16F7-4668-BE54-9A1E7A4F7556}") = "TextDotJson", "TextDotJson\TextDotJson.csproj", "{BB796056-68A7-47DD-959C-71DBDBC60EC2}"
EndProject
Project("{2150E333-8FDC-42A3-9474-1A3956D46DE8}") = "HttpClient", "HttpClient", "{208BBC4F-EB31-4B19-8CB2-9423564BC877}"
EndProject
Project("{FAE04EC0-301F-11D3-BF4B-00C04F79EFBC}") = "Movies.API", "LanguageFeatures\HttpClient\Movies.API\Movies.API.csproj", "{998E5467-9046-4D12-9D27-1086DEE94109}"
EndProject
Global
	GlobalSection(SolutionConfigurationPlatforms) = preSolution
		Debug|Any CPU = Debug|Any CPU
		Release|Any CPU = Release|Any CPU
	EndGlobalSection
	GlobalSection(ProjectConfigurationPlatforms) = postSolution
		{E42F7DC4-BFFA-4923-BA13-54CBB6ED2976}.Debug|Any CPU.ActiveCfg = Debug|Any CPU
		{E42F7DC4-BFFA-4923-BA13-54CBB6ED2976}.Debug|Any CPU.Build.0 = Debug|Any CPU
		{E42F7DC4-BFFA-4923-BA13-54CBB6ED2976}.Release|Any CPU.ActiveCfg = Release|Any CPU
		{E42F7DC4-BFFA-4923-BA13-54CBB6ED2976}.Release|Any CPU.Build.0 = Release|Any CPU
		{1B52B252-8486-4264-A212-F1F3CD9B5859}.Debug|Any CPU.ActiveCfg = Debug|Any CPU
		{1B52B252-8486-4264-A212-F1F3CD9B5859}.Debug|Any CPU.Build.0 = Debug|Any CPU
		{1B52B252-8486-4264-A212-F1F3CD9B5859}.Release|Any CPU.ActiveCfg = Release|Any CPU
		{1B52B252-8486-4264-A212-F1F3CD9B5859}.Release|Any CPU.Build.0 = Release|Any CPU
		{BFBCCC79-13AE-4693-A1F7-EE3EEFC58556}.Debug|Any CPU.ActiveCfg = Debug|Any CPU
		{BFBCCC79-13AE-4693-A1F7-EE3EEFC58556}.Debug|Any CPU.Build.0 = Debug|Any CPU
		{BFBCCC79-13AE-4693-A1F7-EE3EEFC58556}.Release|Any CPU.ActiveCfg = Release|Any CPU
		{BFBCCC79-13AE-4693-A1F7-EE3EEFC58556}.Release|Any CPU.Build.0 = Release|Any CPU
		{BB70984C-256E-464B-A61E-CFAB1359A647}.Debug|Any CPU.ActiveCfg = Debug|Any CPU
		{BB70984C-256E-464B-A61E-CFAB1359A647}.Debug|Any CPU.Build.0 = Debug|Any CPU
		{BB70984C-256E-464B-A61E-CFAB1359A647}.Release|Any CPU.ActiveCfg = Release|Any CPU
		{BB70984C-256E-464B-A61E-CFAB1359A647}.Release|Any CPU.Build.0 = Release|Any CPU
		{553B34FF-D91F-4C20-85F1-B89FFBA473D6}.Debug|Any CPU.ActiveCfg = Debug|Any CPU
		{553B34FF-D91F-4C20-85F1-B89FFBA473D6}.Debug|Any CPU.Build.0 = Debug|Any CPU
		{553B34FF-D91F-4C20-85F1-B89FFBA473D6}.Release|Any CPU.ActiveCfg = Release|Any CPU
		{553B34FF-D91F-4C20-85F1-B89FFBA473D6}.Release|Any CPU.Build.0 = Release|Any CPU
		{75A29D03-D0E0-452B-BD2C-41AC2D122159}.Debug|Any CPU.ActiveCfg = Debug|Any CPU
		{75A29D03-D0E0-452B-BD2C-41AC2D122159}.Debug|Any CPU.Build.0 = Debug|Any CPU
		{75A29D03-D0E0-452B-BD2C-41AC2D122159}.Release|Any CPU.ActiveCfg = Release|Any CPU
		{75A29D03-D0E0-452B-BD2C-41AC2D122159}.Release|Any CPU.Build.0 = Release|Any CPU
		{3DB19816-3AB3-4AB7-88E4-DBFADD0D4083}.Debug|Any CPU.ActiveCfg = Debug|Any CPU
		{3DB19816-3AB3-4AB7-88E4-DBFADD0D4083}.Debug|Any CPU.Build.0 = Debug|Any CPU
		{3DB19816-3AB3-4AB7-88E4-DBFADD0D4083}.Release|Any CPU.ActiveCfg = Release|Any CPU
		{3DB19816-3AB3-4AB7-88E4-DBFADD0D4083}.Release|Any CPU.Build.0 = Release|Any CPU
		{E4D878BE-3FB0-4B81-AAF0-F721EEB4EF29}.Debug|Any CPU.ActiveCfg = Debug|Any CPU
		{E4D878BE-3FB0-4B81-AAF0-F721EEB4EF29}.Debug|Any CPU.Build.0 = Debug|Any CPU
		{E4D878BE-3FB0-4B81-AAF0-F721EEB4EF29}.Release|Any CPU.ActiveCfg = Release|Any CPU
		{E4D878BE-3FB0-4B81-AAF0-F721EEB4EF29}.Release|Any CPU.Build.0 = Release|Any CPU
		{3F35DEFB-8C5B-4157-87FB-F00B56A8E6E2}.Debug|Any CPU.ActiveCfg = Debug|Any CPU
		{3F35DEFB-8C5B-4157-87FB-F00B56A8E6E2}.Debug|Any CPU.Build.0 = Debug|Any CPU
		{3F35DEFB-8C5B-4157-87FB-F00B56A8E6E2}.Release|Any CPU.ActiveCfg = Release|Any CPU
		{3F35DEFB-8C5B-4157-87FB-F00B56A8E6E2}.Release|Any CPU.Build.0 = Release|Any CPU
		{F69EF3D2-EF46-4E22-AD19-1D3A2E15EDB6}.Debug|Any CPU.ActiveCfg = Debug|Any CPU
		{F69EF3D2-EF46-4E22-AD19-1D3A2E15EDB6}.Debug|Any CPU.Build.0 = Debug|Any CPU
		{F69EF3D2-EF46-4E22-AD19-1D3A2E15EDB6}.Release|Any CPU.ActiveCfg = Release|Any CPU
		{F69EF3D2-EF46-4E22-AD19-1D3A2E15EDB6}.Release|Any CPU.Build.0 = Release|Any CPU
		{DD53FB6D-4E85-4DCB-B335-0090405C60D1}.Debug|Any CPU.ActiveCfg = Debug|Any CPU
		{DD53FB6D-4E85-4DCB-B335-0090405C60D1}.Debug|Any CPU.Build.0 = Debug|Any CPU
		{DD53FB6D-4E85-4DCB-B335-0090405C60D1}.Release|Any CPU.ActiveCfg = Release|Any CPU
		{DD53FB6D-4E85-4DCB-B335-0090405C60D1}.Release|Any CPU.Build.0 = Release|Any CPU
		{8DD80261-94C1-4C07-B1DC-0B955E88FD99}.Debug|Any CPU.ActiveCfg = Debug|Any CPU
		{8DD80261-94C1-4C07-B1DC-0B955E88FD99}.Debug|Any CPU.Build.0 = Debug|Any CPU
		{8DD80261-94C1-4C07-B1DC-0B955E88FD99}.Release|Any CPU.ActiveCfg = Release|Any CPU
		{8DD80261-94C1-4C07-B1DC-0B955E88FD99}.Release|Any CPU.Build.0 = Release|Any CPU
		{38178A32-AFBA-43B6-A4DB-9ACE68D6BE5C}.Debug|Any CPU.ActiveCfg = Debug|Any CPU
		{38178A32-AFBA-43B6-A4DB-9ACE68D6BE5C}.Debug|Any CPU.Build.0 = Debug|Any CPU
		{38178A32-AFBA-43B6-A4DB-9ACE68D6BE5C}.Release|Any CPU.ActiveCfg = Release|Any CPU
		{38178A32-AFBA-43B6-A4DB-9ACE68D6BE5C}.Release|Any CPU.Build.0 = Release|Any CPU
		{90920B73-3C70-47A0-A392-DFDBBD37102E}.Debug|Any CPU.ActiveCfg = Debug|Any CPU
		{90920B73-3C70-47A0-A392-DFDBBD37102E}.Debug|Any CPU.Build.0 = Debug|Any CPU
		{90920B73-3C70-47A0-A392-DFDBBD37102E}.Release|Any CPU.ActiveCfg = Release|Any CPU
		{90920B73-3C70-47A0-A392-DFDBBD37102E}.Release|Any CPU.Build.0 = Release|Any CPU
		{234B4278-E9FC-48EF-9F3C-AEE64A54FBD7}.Debug|Any CPU.ActiveCfg = Debug|Any CPU
		{234B4278-E9FC-48EF-9F3C-AEE64A54FBD7}.Debug|Any CPU.Build.0 = Debug|Any CPU
		{234B4278-E9FC-48EF-9F3C-AEE64A54FBD7}.Release|Any CPU.ActiveCfg = Release|Any CPU
		{234B4278-E9FC-48EF-9F3C-AEE64A54FBD7}.Release|Any CPU.Build.0 = Release|Any CPU
		{C3589705-37C2-48AA-B904-82294BD3665E}.Debug|Any CPU.ActiveCfg = Debug|Any CPU
		{C3589705-37C2-48AA-B904-82294BD3665E}.Debug|Any CPU.Build.0 = Debug|Any CPU
		{C3589705-37C2-48AA-B904-82294BD3665E}.Release|Any CPU.ActiveCfg = Release|Any CPU
		{C3589705-37C2-48AA-B904-82294BD3665E}.Release|Any CPU.Build.0 = Release|Any CPU
		{BB796056-68A7-47DD-959C-71DBDBC60EC2}.Debug|Any CPU.ActiveCfg = Debug|Any CPU
		{BB796056-68A7-47DD-959C-71DBDBC60EC2}.Debug|Any CPU.Build.0 = Debug|Any CPU
		{BB796056-68A7-47DD-959C-71DBDBC60EC2}.Release|Any CPU.ActiveCfg = Release|Any CPU
		{BB796056-68A7-47DD-959C-71DBDBC60EC2}.Release|Any CPU.Build.0 = Release|Any CPU
		{998E5467-9046-4D12-9D27-1086DEE94109}.Debug|Any CPU.ActiveCfg = Debug|Any CPU
		{998E5467-9046-4D12-9D27-1086DEE94109}.Debug|Any CPU.Build.0 = Debug|Any CPU
		{998E5467-9046-4D12-9D27-1086DEE94109}.Release|Any CPU.ActiveCfg = Release|Any CPU
		{998E5467-9046-4D12-9D27-1086DEE94109}.Release|Any CPU.Build.0 = Release|Any CPU
	EndGlobalSection
	GlobalSection(SolutionProperties) = preSolution
		HideSolutionNode = FALSE
	EndGlobalSection
	GlobalSection(NestedProjects) = preSolution
		{E42F7DC4-BFFA-4923-BA13-54CBB6ED2976} = {EA6EEA6E-2E69-48A2-A0E5-C98A0D8C04F3}
		{CA8A4387-B47E-4133-870E-484291E08856} = {0790B19B-D172-44E0-9974-414D5C87A641}
		{1B52B252-8486-4264-A212-F1F3CD9B5859} = {CA8A4387-B47E-4133-870E-484291E08856}
		{BFBCCC79-13AE-4693-A1F7-EE3EEFC58556} = {CA8A4387-B47E-4133-870E-484291E08856}
		{BB70984C-256E-464B-A61E-CFAB1359A647} = {CA8A4387-B47E-4133-870E-484291E08856}
		{553B34FF-D91F-4C20-85F1-B89FFBA473D6} = {35A12F93-608A-4EF0-867C-9C2B99B95036}
		{B9E8EF3B-605A-46F8-BE47-C34ADEF38642} = {EFD187F1-DC01-4C9A-AE82-4FF52F5EB1F0}
		{75A29D03-D0E0-452B-BD2C-41AC2D122159} = {B9E8EF3B-605A-46F8-BE47-C34ADEF38642}
		{3DB19816-3AB3-4AB7-88E4-DBFADD0D4083} = {1BC45F22-24F5-43BD-8A3E-89D3343663E5}
		{86981B7E-E5B5-4B50-BA8D-AF30F4A027CA} = {D3AFC2F0-3970-4373-BC05-0223BD92DA07}
		{E4D878BE-3FB0-4B81-AAF0-F721EEB4EF29} = {86981B7E-E5B5-4B50-BA8D-AF30F4A027CA}
		{BCBB8F68-3889-4CA4-A0C2-E0AEAE7FCC7C} = {43EA636E-709B-47CD-B08A-3D2DD54C03CF}
		{3F35DEFB-8C5B-4157-87FB-F00B56A8E6E2} = {BCBB8F68-3889-4CA4-A0C2-E0AEAE7FCC7C}
		{F69EF3D2-EF46-4E22-AD19-1D3A2E15EDB6} = {BCBB8F68-3889-4CA4-A0C2-E0AEAE7FCC7C}
		{BA2E6CEA-EC78-4B00-BB64-917ED85B6799} = {A7D372A7-70E9-43EB-971B-39170847B55A}
		{DD53FB6D-4E85-4DCB-B335-0090405C60D1} = {BA2E6CEA-EC78-4B00-BB64-917ED85B6799}
		{8DD80261-94C1-4C07-B1DC-0B955E88FD99} = {BA2E6CEA-EC78-4B00-BB64-917ED85B6799}
		{38178A32-AFBA-43B6-A4DB-9ACE68D6BE5C} = {CD846DC1-93ED-42E4-A684-BE81AC395B6F}
		{90920B73-3C70-47A0-A392-DFDBBD37102E} = {CD846DC1-93ED-42E4-A684-BE81AC395B6F}
		{234B4278-E9FC-48EF-9F3C-AEE64A54FBD7} = {BCBB8F68-3889-4CA4-A0C2-E0AEAE7FCC7C}
		{C3589705-37C2-48AA-B904-82294BD3665E} = {0790B19B-D172-44E0-9974-414D5C87A641}
		{BB796056-68A7-47DD-959C-71DBDBC60EC2} = {1BC45F22-24F5-43BD-8A3E-89D3343663E5}
		{208BBC4F-EB31-4B19-8CB2-9423564BC877} = {1BC45F22-24F5-43BD-8A3E-89D3343663E5}
		{998E5467-9046-4D12-9D27-1086DEE94109} = {208BBC4F-EB31-4B19-8CB2-9423564BC877}
	EndGlobalSection
	GlobalSection(ExtensibilityGlobals) = postSolution
		SolutionGuid = {1990C17F-8F6E-47DD-9CE4-C71A6BA926F8}
	EndGlobalSection
EndGlobal
