
Microsoft Visual Studio Solution File, Format Version 12.00
# Visual Studio Version 17
VisualStudioVersion = 17.0.32126.317
MinimumVisualStudioVersion = 10.0.40219.1
Project("{2150E333-8FDC-42A3-9474-1A3956D46DE8}") = "WebApiFundamentals", "WebApiFundamentals", "{EA6EEA6E-2E69-48A2-A0E5-C98A0D8C04F3}"
EndProject
Project("{FAE04EC0-301F-11D3-BF4B-00C04F79EFBC}") = "CityInfo.Api", "WebApiFundamentals\CityInfo.Api\CityInfo.Api.csproj", "{E42F7DC4-BFFA-4923-BA13-54CBB6ED2976}"
EndProject
Project("{2150E333-8FDC-42A3-9474-1A3956D46DE8}") = "Blazor", "Blazor", "{CB7D2F41-035C-4DCB-90E1-1591D36821C6}"
EndProject
Project("{FAE04EC0-301F-11D3-BF4B-00C04F79EFBC}") = "FirstBlazor.Server", "Blazor\FirstBlazor\Server\FirstBlazor.Server.csproj", "{ED18937D-5D92-4945-A5C5-A71C3D57B1AF}"
EndProject
Project("{FAE04EC0-301F-11D3-BF4B-00C04F79EFBC}") = "FirstBlazor.Client", "Blazor\FirstBlazor\Client\FirstBlazor.Client.csproj", "{F873CCA0-9936-4F31-B68D-8F711BB3FE38}"
EndProject
Project("{FAE04EC0-301F-11D3-BF4B-00C04F79EFBC}") = "FirstBlazor.Shared", "Blazor\FirstBlazor\Shared\FirstBlazor.Shared.csproj", "{9589E1BC-47B3-40FC-A9FB-100E4F1B5509}"
EndProject
Global
	GlobalSection(SolutionConfigurationPlatforms) = preSolution
		Debug|Any CPU = Debug|Any CPU
		Release|Any CPU = Release|Any CPU
	EndGlobalSection
	GlobalSection(ProjectConfigurationPlatforms) = postSolution
		{E42F7DC4-BFFA-4923-BA13-54CBB6ED2976}.Debug|Any CPU.ActiveCfg = Debug|Any CPU
		{E42F7DC4-BFFA-4923-BA13-54CBB6ED2976}.Debug|Any CPU.Build.0 = Debug|Any CPU
		{E42F7DC4-BFFA-4923-BA13-54CBB6ED2976}.Release|Any CPU.ActiveCfg = Release|Any CPU
		{E42F7DC4-BFFA-4923-BA13-54CBB6ED2976}.Release|Any CPU.Build.0 = Release|Any CPU
		{ED18937D-5D92-4945-A5C5-A71C3D57B1AF}.Debug|Any CPU.ActiveCfg = Debug|Any CPU
		{ED18937D-5D92-4945-A5C5-A71C3D57B1AF}.Debug|Any CPU.Build.0 = Debug|Any CPU
		{ED18937D-5D92-4945-A5C5-A71C3D57B1AF}.Release|Any CPU.ActiveCfg = Release|Any CPU
		{ED18937D-5D92-4945-A5C5-A71C3D57B1AF}.Release|Any CPU.Build.0 = Release|Any CPU
		{F873CCA0-9936-4F31-B68D-8F711BB3FE38}.Debug|Any CPU.ActiveCfg = Debug|Any CPU
		{F873CCA0-9936-4F31-B68D-8F711BB3FE38}.Debug|Any CPU.Build.0 = Debug|Any CPU
		{F873CCA0-9936-4F31-B68D-8F711BB3FE38}.Release|Any CPU.ActiveCfg = Release|Any CPU
		{F873CCA0-9936-4F31-B68D-8F711BB3FE38}.Release|Any CPU.Build.0 = Release|Any CPU
		{9589E1BC-47B3-40FC-A9FB-100E4F1B5509}.Debug|Any CPU.ActiveCfg = Debug|Any CPU
		{9589E1BC-47B3-40FC-A9FB-100E4F1B5509}.Debug|Any CPU.Build.0 = Debug|Any CPU
		{9589E1BC-47B3-40FC-A9FB-100E4F1B5509}.Release|Any CPU.ActiveCfg = Release|Any CPU
		{9589E1BC-47B3-40FC-A9FB-100E4F1B5509}.Release|Any CPU.Build.0 = Release|Any CPU
	EndGlobalSection
	GlobalSection(SolutionProperties) = preSolution
		HideSolutionNode = FALSE
	EndGlobalSection
	GlobalSection(NestedProjects) = preSolution
		{E42F7DC4-BFFA-4923-BA13-54CBB6ED2976} = {EA6EEA6E-2E69-48A2-A0E5-C98A0D8C04F3}
		{ED18937D-5D92-4945-A5C5-A71C3D57B1AF} = {CB7D2F41-035C-4DCB-90E1-1591D36821C6}
		{F873CCA0-9936-4F31-B68D-8F711BB3FE38} = {CB7D2F41-035C-4DCB-90E1-1591D36821C6}
		{9589E1BC-47B3-40FC-A9FB-100E4F1B5509} = {CB7D2F41-035C-4DCB-90E1-1591D36821C6}
	EndGlobalSection
	GlobalSection(ExtensibilityGlobals) = postSolution
		SolutionGuid = {1990C17F-8F6E-47DD-9CE4-C71A6BA926F8}
	EndGlobalSection
EndGlobal
